
Microsoft Visual Studio Solution File, Format Version 12.00
# Visual Studio Version 16
VisualStudioVersion = 16.0.30711.63
MinimumVisualStudioVersion = 10.0.40219.1
Project("{FAE04EC0-301F-11D3-BF4B-00C04F79EFBC}") = "Admin", "Admin\Admin.csproj", "{47038C93-DBB7-4EB0-99D6-281A92843729}"
EndProject
Global
	GlobalSection(SolutionConfigurationPlatforms) = preSolution
		Debug|Any CPU = Debug|Any CPU
		Release|Any CPU = Release|Any CPU
	EndGlobalSection
	GlobalSection(ProjectConfigurationPlatforms) = postSolution
		{47038C93-DBB7-4EB0-99D6-281A92843729}.Debug|Any CPU.ActiveCfg = Debug|Any CPU
		{47038C93-DBB7-4EB0-99D6-281A92843729}.Debug|Any CPU.Build.0 = Debug|Any CPU
		{47038C93-DBB7-4EB0-99D6-281A92843729}.Release|Any CPU.ActiveCfg = Release|Any CPU
		{47038C93-DBB7-4EB0-99D6-281A92843729}.Release|Any CPU.Build.0 = Release|Any CPU
	EndGlobalSection
	GlobalSection(SolutionProperties) = preSolution
		HideSolutionNode = FALSE
	EndGlobalSection
	GlobalSection(ExtensibilityGlobals) = postSolution
		SolutionGuid = {5B05D6CC-A86E-476B-9FAE-AC91A59DD460}
	EndGlobalSection
EndGlobal
